Microsoft Visual Studio Solution File, Format Version 11.00
# Visual Studio 2008

Project("{DAB29744-0480-0CD2-C59E-AF1961D78815}") = "CarTutorialProject", "Assembly-CSharp-firstpass.csproj", "{806E9689-B985-F390-D00D-5568FA5EA480}"
EndProject
Project("{DAB29744-0480-0CD2-C59E-AF1961D78815}") = "CarTutorialProject", "Assembly-UnityScript-firstpass.unityproj", "{95F711AE-203D-9FF9-B457-E216C034380A}"
EndProject
Project("{DAB29744-0480-0CD2-C59E-AF1961D78815}") = "CarTutorialProject", "Assembly-UnityScript.unityproj", "{A9A8518D-ECBD-121B-B6AE-49D1159E6B34}"
EndProject
Global
	GlobalSection(SolutionConfigurationPlatforms) = preSolution
		Debug|Any CPU = Debug|Any CPU
		Release|Any CPU = Release|Any CPU
	EndGlobalSection
	GlobalSection(ProjectConfigurationPlatforms) = postSolution
		{806E9689-B985-F390-D00D-5568FA5EA480}.Debug|Any CPU.ActiveCfg = Debug|Any CPU
		{806E9689-B985-F390-D00D-5568FA5EA480}.Debug|Any CPU.Build.0 = Debug|Any CPU
		{806E9689-B985-F390-D00D-5568FA5EA480}.Release|Any CPU.ActiveCfg = Release|Any CPU
		{806E9689-B985-F390-D00D-5568FA5EA480}.Release|Any CPU.Build.0 = Release|Any CPU
		{95F711AE-203D-9FF9-B457-E216C034380A}.Debug|Any CPU.ActiveCfg = Debug|Any CPU
		{95F711AE-203D-9FF9-B457-E216C034380A}.Debug|Any CPU.Build.0 = Debug|Any CPU
		{95F711AE-203D-9FF9-B457-E216C034380A}.Release|Any CPU.ActiveCfg = Release|Any CPU
		{95F711AE-203D-9FF9-B457-E216C034380A}.Release|Any CPU.Build.0 = Release|Any CPU
		{A9A8518D-ECBD-121B-B6AE-49D1159E6B34}.Debug|Any CPU.ActiveCfg = Debug|Any CPU
		{A9A8518D-ECBD-121B-B6AE-49D1159E6B34}.Debug|Any CPU.Build.0 = Debug|Any CPU
		{A9A8518D-ECBD-121B-B6AE-49D1159E6B34}.Release|Any CPU.ActiveCfg = Release|Any CPU
		{A9A8518D-ECBD-121B-B6AE-49D1159E6B34}.Release|Any CPU.Build.0 = Release|Any CPU
	EndGlobalSection
	GlobalSection(SolutionProperties) = preSolution
		HideSolutionNode = FALSE
	EndGlobalSection
	GlobalSection(MonoDevelopProperties) = preSolution
		StartupItem = Assembly-CSharp.csproj
		Policies = $0
		$0.TextStylePolicy = $1
		$1.inheritsSet = null
		$1.scope = text/x-csharp
		$0.CSharpFormattingPolicy = $2
		$2.inheritsSet = Mono
		$2.inheritsScope = text/x-csharp
		$2.scope = text/x-csharp
		$0.TextStylePolicy = $3
		$3.FileWidth = 120
		$3.TabWidth = 4
		$3.EolMarker = Unix
		$3.inheritsSet = Mono
		$3.inheritsScope = text/plain
		$3.scope = text/plain
	EndGlobalSection
EndGlobal
